
Microsoft Visual Studio Solution File, Format Version 12.00
# Visual Studio Version 17
VisualStudioVersion = 17.4.33205.214
MinimumVisualStudioVersion = 10.0.40219.1
Project("{8BC9CEB8-8B4A-11D0-8D11-00A0C91BC942}") = "Homework-2.1", "Homework-2.1\Homework-2.1.vcxproj", "{DE9D4895-8B6B-4DFC-8151-6E376F24DC53}"
EndProject
Global
	GlobalSection(SolutionConfigurationPlatforms) = preSolution
		Debug|x64 = Debug|x64
		Debug|x86 = Debug|x86
		Release|x64 = Release|x64
		Release|x86 = Release|x86
	EndGlobalSection
	GlobalSection(ProjectConfigurationPlatforms) = postSolution
		{DE9D4895-8B6B-4DFC-8151-6E376F24DC53}.Debug|x64.ActiveCfg = Debug|x64
		{DE9D4895-8B6B-4DFC-8151-6E376F24DC53}.Debug|x64.Build.0 = Debug|x64
		{DE9D4895-8B6B-4DFC-8151-6E376F24DC53}.Debug|x86.ActiveCfg = Debug|Win32
		{DE9D4895-8B6B-4DFC-8151-6E376F24DC53}.Debug|x86.Build.0 = Debug|Win32
		{DE9D4895-8B6B-4DFC-8151-6E376F24DC53}.Release|x64.ActiveCfg = Release|x64
		{DE9D4895-8B6B-4DFC-8151-6E376F24DC53}.Release|x64.Build.0 = Release|x64
		{DE9D4895-8B6B-4DFC-8151-6E376F24DC53}.Release|x86.ActiveCfg = Release|Win32
		{DE9D4895-8B6B-4DFC-8151-6E376F24DC53}.Release|x86.Build.0 = Release|Win32
	EndGlobalSection
	GlobalSection(SolutionProperties) = preSolution
		HideSolutionNode = FALSE
	EndGlobalSection
	GlobalSection(ExtensibilityGlobals) = postSolution
		SolutionGuid = {259EF8CE-0E6C-4B49-9813-E267E9532DA4}
	EndGlobalSection
EndGlobal
